
Microsoft Visual Studio Solution File, Format Version 12.00
# Visual Studio Version 16
VisualStudioVersion = 16.0.30406.18
MinimumVisualStudioVersion = 10.0.40219.1
Project("{9A19103F-16F7-4668-BE54-9A1E7A4F7556}") = "Scalar", "Scalar\Scalar.csproj", "{31208ED8-5B83-4BE6-802A-18EE67434537}"
EndProject
Project("{9A19103F-16F7-4668-BE54-9A1E7A4F7556}") = "Scalar.Common", "Scalar.Common\Scalar.Common.csproj", "{179EAE33-265B-4698-BBC7-130F28F6D768}"
EndProject
Project("{9A19103F-16F7-4668-BE54-9A1E7A4F7556}") = "Scalar.Service", "Scalar.Service\Scalar.Service.csproj", "{E75C4E5C-4446-43A3-BDE0-C9C4297485FA}"
EndProject
Project("{2150E333-8FDC-42A3-9474-1A3956D46DE8}") = "Solution Items", "Solution Items", "{EB9427BB-456A-4319-8916-E782E0F5F6D3}"
	ProjectSection(SolutionItems) = preProject
		Dependencies.props = Dependencies.props
		Directory.Build.props = Directory.Build.props
		Directory.Build.targets = Directory.Build.targets
		global.json = global.json
	EndProjectSection
EndProject
Project("{9A19103F-16F7-4668-BE54-9A1E7A4F7556}") = "Scalar.FunctionalTests", "Scalar.FunctionalTests\Scalar.FunctionalTests.csproj", "{C7E08779-6F45-4025-89E1-31346C9B234F}"
EndProject
Project("{9A19103F-16F7-4668-BE54-9A1E7A4F7556}") = "Scalar.TestInfrastructure", "Scalar.TestInfrastructure\Scalar.TestInfrastructure.csproj", "{77FC445D-FD03-4EE0-8582-7BD1437D9842}"
EndProject
Project("{9A19103F-16F7-4668-BE54-9A1E7A4F7556}") = "Scalar.MSBuild", "Scalar.MSBuild\Scalar.MSBuild.csproj", "{6B05E1DE-1C67-48F7-9A2A-E109D7252CF2}"
EndProject
Global
	GlobalSection(SolutionConfigurationPlatforms) = preSolution
		Debug|Any CPU = Debug|Any CPU
		Release|Any CPU = Release|Any CPU
	EndGlobalSection
	GlobalSection(ProjectConfigurationPlatforms) = postSolution
		{31208ED8-5B83-4BE6-802A-18EE67434537}.Debug|Any CPU.ActiveCfg = Debug|Any CPU
		{31208ED8-5B83-4BE6-802A-18EE67434537}.Debug|Any CPU.Build.0 = Debug|Any CPU
		{31208ED8-5B83-4BE6-802A-18EE67434537}.Release|Any CPU.ActiveCfg = Release|Any CPU
		{31208ED8-5B83-4BE6-802A-18EE67434537}.Release|Any CPU.Build.0 = Release|Any CPU
		{179EAE33-265B-4698-BBC7-130F28F6D768}.Debug|Any CPU.ActiveCfg = Debug|Any CPU
		{179EAE33-265B-4698-BBC7-130F28F6D768}.Debug|Any CPU.Build.0 = Debug|Any CPU
		{179EAE33-265B-4698-BBC7-130F28F6D768}.Release|Any CPU.ActiveCfg = Release|Any CPU
		{179EAE33-265B-4698-BBC7-130F28F6D768}.Release|Any CPU.Build.0 = Release|Any CPU
		{E75C4E5C-4446-43A3-BDE0-C9C4297485FA}.Debug|Any CPU.ActiveCfg = Debug|Any CPU
		{E75C4E5C-4446-43A3-BDE0-C9C4297485FA}.Debug|Any CPU.Build.0 = Debug|Any CPU
		{E75C4E5C-4446-43A3-BDE0-C9C4297485FA}.Release|Any CPU.ActiveCfg = Release|Any CPU
		{E75C4E5C-4446-43A3-BDE0-C9C4297485FA}.Release|Any CPU.Build.0 = Release|Any CPU
		{C7E08779-6F45-4025-89E1-31346C9B234F}.Debug|Any CPU.ActiveCfg = Debug|Any CPU
		{C7E08779-6F45-4025-89E1-31346C9B234F}.Debug|Any CPU.Build.0 = Debug|Any CPU
		{C7E08779-6F45-4025-89E1-31346C9B234F}.Release|Any CPU.ActiveCfg = Release|Any CPU
		{C7E08779-6F45-4025-89E1-31346C9B234F}.Release|Any CPU.Build.0 = Release|Any CPU
		{77FC445D-FD03-4EE0-8582-7BD1437D9842}.Debug|Any CPU.ActiveCfg = Debug|Any CPU
		{77FC445D-FD03-4EE0-8582-7BD1437D9842}.Debug|Any CPU.Build.0 = Debug|Any CPU
		{77FC445D-FD03-4EE0-8582-7BD1437D9842}.Release|Any CPU.ActiveCfg = Release|Any CPU
		{77FC445D-FD03-4EE0-8582-7BD1437D9842}.Release|Any CPU.Build.0 = Release|Any CPU
		{6B05E1DE-1C67-48F7-9A2A-E109D7252CF2}.Debug|Any CPU.ActiveCfg = Debug|Any CPU
		{6B05E1DE-1C67-48F7-9A2A-E109D7252CF2}.Debug|Any CPU.Build.0 = Debug|Any CPU
		{6B05E1DE-1C67-48F7-9A2A-E109D7252CF2}.Release|Any CPU.ActiveCfg = Release|Any CPU
		{6B05E1DE-1C67-48F7-9A2A-E109D7252CF2}.Release|Any CPU.Build.0 = Release|Any CPU
	EndGlobalSection
	GlobalSection(SolutionProperties) = preSolution
		HideSolutionNode = FALSE
	EndGlobalSection
	GlobalSection(ExtensibilityGlobals) = postSolution
		SolutionGuid = {FDE61E04-DC84-437F-A176-40CD62CDE05F}
	EndGlobalSection
EndGlobal
